
Microsoft Visual Studio Solution File, Format Version 12.00
# Visual Studio Version 17
VisualStudioVersion = 17.12.35707.178
MinimumVisualStudioVersion = 10.0.40219.1
Project("{FAE04EC0-301F-11D3-BF4B-00C04F79EFBC}") = "Eventum.EventSourcing.Test", "tests\Eventum.EventSourcing.Test\Eventum.EventSourcing.Test.csproj", "{61B88A75-FA68-4082-B20F-BD4B0C54F052}"
EndProject
Project("{FAE04EC0-301F-11D3-BF4B-00C04F79EFBC}") = "Eventum.EventSourcing", "src\Eventum.EventSourcing\Eventum.EventSourcing.csproj", "{9F8A9BF8-C7FD-4D9E-9E84-AF3340194C81}"
EndProject
Project("{FAE04EC0-301F-11D3-BF4B-00C04F79EFBC}") = "Eventum.Persistence.CosmosDb", "src\Eventum.Persistence.CosmosDb\Eventum.Persistence.CosmosDb.csproj", "{CEAA0237-931B-4428-BDC9-1B6877E78168}"
EndProject
Project("{2150E333-8FDC-42A3-9474-1A3956D46DE8}") = "Persistence", "Persistence", "{0EFC1A99-8042-42D1-82D7-507318845212}"
EndProject
Project("{2150E333-8FDC-42A3-9474-1A3956D46DE8}") = "Abstractions", "Abstractions", "{831F89F2-0FD6-4DDE-9819-A99B2D207C6E}"
EndProject
Project("{FAE04EC0-301F-11D3-BF4B-00C04F79EFBC}") = "Eventum.Projection.Abstractions", "src\Eventum.Projection.Abstractions\Eventum.Projection.Abstractions.csproj", "{CD78445B-E20D-4D0A-ACA1-FEC9377202EB}"
EndProject
Project("{FAE04EC0-301F-11D3-BF4B-00C04F79EFBC}") = "Eventum.Persistence.CosmosDb.Tests", "tests\Eventum.Persistence.CosmosDb.Tests\Eventum.Persistence.CosmosDb.Tests.csproj", "{0D40665D-4802-4FE7-B4EF-92EC82DF894D}"
EndProject
Project("{FAE04EC0-301F-11D3-BF4B-00C04F79EFBC}") = "Eventum.Projection.Abstractions.Tests", "tests\Eventum.Projection.Abstractions.Tests\Eventum.Projection.Abstractions.Tests.csproj", "{E25D3188-7EC6-465A-B1C9-FCFA5F691D0F}"
EndProject
Project("{FAE04EC0-301F-11D3-BF4B-00C04F79EFBC}") = "Eventum.Persistence.Abstractions", "src\Eventum.Persistence.Abstractions\Eventum.Persistence.Abstractions.csproj", "{29887731-8527-4042-9426-898CFF98B2CE}"
EndProject
Project("{2150E333-8FDC-42A3-9474-1A3956D46DE8}") = "Solution", "Solution", "{FBE0B4A3-A1EB-4527-84EA-64B53720AF18}"
	ProjectSection(SolutionItems) = preProject
		Properties\AssemblyInfo.cs = Properties\AssemblyInfo.cs
		.github\workflows\main.yml = .github\workflows\main.yml
		README.md = README.md
	EndProjectSection
EndProject
Global
	GlobalSection(SolutionConfigurationPlatforms) = preSolution
		Debug|Any CPU = Debug|Any CPU
		Release|Any CPU = Release|Any CPU
	EndGlobalSection
	GlobalSection(ProjectConfigurationPlatforms) = postSolution
		{61B88A75-FA68-4082-B20F-BD4B0C54F052}.Debug|Any CPU.ActiveCfg = Debug|Any CPU
		{61B88A75-FA68-4082-B20F-BD4B0C54F052}.Debug|Any CPU.Build.0 = Debug|Any CPU
		{61B88A75-FA68-4082-B20F-BD4B0C54F052}.Release|Any CPU.ActiveCfg = Release|Any CPU
		{61B88A75-FA68-4082-B20F-BD4B0C54F052}.Release|Any CPU.Build.0 = Release|Any CPU
		{9F8A9BF8-C7FD-4D9E-9E84-AF3340194C81}.Debug|Any CPU.ActiveCfg = Debug|Any CPU
		{9F8A9BF8-C7FD-4D9E-9E84-AF3340194C81}.Debug|Any CPU.Build.0 = Debug|Any CPU
		{9F8A9BF8-C7FD-4D9E-9E84-AF3340194C81}.Release|Any CPU.ActiveCfg = Release|Any CPU
		{9F8A9BF8-C7FD-4D9E-9E84-AF3340194C81}.Release|Any CPU.Build.0 = Release|Any CPU
		{CEAA0237-931B-4428-BDC9-1B6877E78168}.Debug|Any CPU.ActiveCfg = Debug|Any CPU
		{CEAA0237-931B-4428-BDC9-1B6877E78168}.Debug|Any CPU.Build.0 = Debug|Any CPU
		{CEAA0237-931B-4428-BDC9-1B6877E78168}.Release|Any CPU.ActiveCfg = Release|Any CPU
		{CEAA0237-931B-4428-BDC9-1B6877E78168}.Release|Any CPU.Build.0 = Release|Any CPU
		{CD78445B-E20D-4D0A-ACA1-FEC9377202EB}.Debug|Any CPU.ActiveCfg = Debug|Any CPU
		{CD78445B-E20D-4D0A-ACA1-FEC9377202EB}.Debug|Any CPU.Build.0 = Debug|Any CPU
		{CD78445B-E20D-4D0A-ACA1-FEC9377202EB}.Release|Any CPU.ActiveCfg = Release|Any CPU
		{CD78445B-E20D-4D0A-ACA1-FEC9377202EB}.Release|Any CPU.Build.0 = Release|Any CPU
		{0D40665D-4802-4FE7-B4EF-92EC82DF894D}.Debug|Any CPU.ActiveCfg = Debug|Any CPU
		{0D40665D-4802-4FE7-B4EF-92EC82DF894D}.Debug|Any CPU.Build.0 = Debug|Any CPU
		{0D40665D-4802-4FE7-B4EF-92EC82DF894D}.Release|Any CPU.ActiveCfg = Release|Any CPU
		{0D40665D-4802-4FE7-B4EF-92EC82DF894D}.Release|Any CPU.Build.0 = Release|Any CPU
		{E25D3188-7EC6-465A-B1C9-FCFA5F691D0F}.Debug|Any CPU.ActiveCfg = Debug|Any CPU
		{E25D3188-7EC6-465A-B1C9-FCFA5F691D0F}.Debug|Any CPU.Build.0 = Debug|Any CPU
		{E25D3188-7EC6-465A-B1C9-FCFA5F691D0F}.Release|Any CPU.ActiveCfg = Release|Any CPU
		{E25D3188-7EC6-465A-B1C9-FCFA5F691D0F}.Release|Any CPU.Build.0 = Release|Any CPU
		{29887731-8527-4042-9426-898CFF98B2CE}.Debug|Any CPU.ActiveCfg = Debug|Any CPU
		{29887731-8527-4042-9426-898CFF98B2CE}.Debug|Any CPU.Build.0 = Debug|Any CPU
		{29887731-8527-4042-9426-898CFF98B2CE}.Release|Any CPU.ActiveCfg = Release|Any CPU
		{29887731-8527-4042-9426-898CFF98B2CE}.Release|Any CPU.Build.0 = Release|Any CPU
	EndGlobalSection
	GlobalSection(SolutionProperties) = preSolution
		HideSolutionNode = FALSE
	EndGlobalSection
	GlobalSection(NestedProjects) = preSolution
		{61B88A75-FA68-4082-B20F-BD4B0C54F052} = {0EFC1A99-8042-42D1-82D7-507318845212}
		{9F8A9BF8-C7FD-4D9E-9E84-AF3340194C81} = {0EFC1A99-8042-42D1-82D7-507318845212}
		{CEAA0237-931B-4428-BDC9-1B6877E78168} = {0EFC1A99-8042-42D1-82D7-507318845212}
		{CD78445B-E20D-4D0A-ACA1-FEC9377202EB} = {831F89F2-0FD6-4DDE-9819-A99B2D207C6E}
		{0D40665D-4802-4FE7-B4EF-92EC82DF894D} = {0EFC1A99-8042-42D1-82D7-507318845212}
		{E25D3188-7EC6-465A-B1C9-FCFA5F691D0F} = {831F89F2-0FD6-4DDE-9819-A99B2D207C6E}
		{29887731-8527-4042-9426-898CFF98B2CE} = {831F89F2-0FD6-4DDE-9819-A99B2D207C6E}
	EndGlobalSection
	GlobalSection(ExtensibilityGlobals) = postSolution
		SolutionGuid = {4AFD14DC-99D7-40B7-B63F-F48B97B1B86E}
	EndGlobalSection
EndGlobal
