
Microsoft Visual Studio Solution File, Format Version 12.00
# Visual Studio Version 17
VisualStudioVersion = 17.12.35707.178
MinimumVisualStudioVersion = 10.0.40219.1
Project("{FAE04EC0-301F-11D3-BF4B-00C04F79EFBC}") = "EventSourcing.Test", "tests\EventSourcing.Test\EventSourcing.Test.csproj", "{61B88A75-FA68-4082-B20F-BD4B0C54F052}"
EndProject
Project("{FAE04EC0-301F-11D3-BF4B-00C04F79EFBC}") = "EventSourcing", "src\EventSourcing\EventSourcing.csproj", "{9F8A9BF8-C7FD-4D9E-9E84-AF3340194C81}"
EndProject
Project("{FAE04EC0-301F-11D3-BF4B-00C04F79EFBC}") = "EventSourcing.CosmosDb", "src\EventSourcing.CosmosDb\EventSourcing.CosmosDb.csproj", "{CEAA0237-931B-4428-BDC9-1B6877E78168}"
EndProject
Project("{2150E333-8FDC-42A3-9474-1A3956D46DE8}") = "Infrastructure", "Infrastructure", "{0EFC1A99-8042-42D1-82D7-507318845212}"
EndProject
Project("{2150E333-8FDC-42A3-9474-1A3956D46DE8}") = "Tests", "Tests", "{9701B113-9660-4643-AFA8-FE787902F3A2}"
EndProject
Project("{2150E333-8FDC-42A3-9474-1A3956D46DE8}") = "Abstractions", "Abstractions", "{831F89F2-0FD6-4DDE-9819-A99B2D207C6E}"
EndProject
Project("{FAE04EC0-301F-11D3-BF4B-00C04F79EFBC}") = "EventSourcing.Projection.Abstractions", "src\EventSourcing.Projection.Abstractions\EventSourcing.Projection.Abstractions.csproj", "{CD78445B-E20D-4D0A-ACA1-FEC9377202EB}"
EndProject
Project("{FAE04EC0-301F-11D3-BF4B-00C04F79EFBC}") = "EventSourcing.CosmosDb.Tests", "tests\EventSourcing.CosmosDb.Tests\EventSourcing.CosmosDb.Tests.csproj", "{0D40665D-4802-4FE7-B4EF-92EC82DF894D}"
EndProject
Project("{FAE04EC0-301F-11D3-BF4B-00C04F79EFBC}") = "EventSourcing.Projection.Abstractions.Tests", "tests\EventSourcing.Projection.Abstractions.Tests\EventSourcing.Projection.Abstractions.Tests.csproj", "{E25D3188-7EC6-465A-B1C9-FCFA5F691D0F}"
EndProject
Global
	GlobalSection(SolutionConfigurationPlatforms) = preSolution
		Debug|Any CPU = Debug|Any CPU
		Release|Any CPU = Release|Any CPU
	EndGlobalSection
	GlobalSection(ProjectConfigurationPlatforms) = postSolution
		{61B88A75-FA68-4082-B20F-BD4B0C54F052}.Debug|Any CPU.ActiveCfg = Debug|Any CPU
		{61B88A75-FA68-4082-B20F-BD4B0C54F052}.Debug|Any CPU.Build.0 = Debug|Any CPU
		{61B88A75-FA68-4082-B20F-BD4B0C54F052}.Release|Any CPU.ActiveCfg = Release|Any CPU
		{61B88A75-FA68-4082-B20F-BD4B0C54F052}.Release|Any CPU.Build.0 = Release|Any CPU
		{9F8A9BF8-C7FD-4D9E-9E84-AF3340194C81}.Debug|Any CPU.ActiveCfg = Debug|Any CPU
		{9F8A9BF8-C7FD-4D9E-9E84-AF3340194C81}.Debug|Any CPU.Build.0 = Debug|Any CPU
		{9F8A9BF8-C7FD-4D9E-9E84-AF3340194C81}.Release|Any CPU.ActiveCfg = Release|Any CPU
		{9F8A9BF8-C7FD-4D9E-9E84-AF3340194C81}.Release|Any CPU.Build.0 = Release|Any CPU
		{CEAA0237-931B-4428-BDC9-1B6877E78168}.Debug|Any CPU.ActiveCfg = Debug|Any CPU
		{CEAA0237-931B-4428-BDC9-1B6877E78168}.Debug|Any CPU.Build.0 = Debug|Any CPU
		{CEAA0237-931B-4428-BDC9-1B6877E78168}.Release|Any CPU.ActiveCfg = Release|Any CPU
		{CEAA0237-931B-4428-BDC9-1B6877E78168}.Release|Any CPU.Build.0 = Release|Any CPU
		{CD78445B-E20D-4D0A-ACA1-FEC9377202EB}.Debug|Any CPU.ActiveCfg = Debug|Any CPU
		{CD78445B-E20D-4D0A-ACA1-FEC9377202EB}.Debug|Any CPU.Build.0 = Debug|Any CPU
		{CD78445B-E20D-4D0A-ACA1-FEC9377202EB}.Release|Any CPU.ActiveCfg = Release|Any CPU
		{CD78445B-E20D-4D0A-ACA1-FEC9377202EB}.Release|Any CPU.Build.0 = Release|Any CPU
		{0D40665D-4802-4FE7-B4EF-92EC82DF894D}.Debug|Any CPU.ActiveCfg = Debug|Any CPU
		{0D40665D-4802-4FE7-B4EF-92EC82DF894D}.Debug|Any CPU.Build.0 = Debug|Any CPU
		{0D40665D-4802-4FE7-B4EF-92EC82DF894D}.Release|Any CPU.ActiveCfg = Release|Any CPU
		{0D40665D-4802-4FE7-B4EF-92EC82DF894D}.Release|Any CPU.Build.0 = Release|Any CPU
		{E25D3188-7EC6-465A-B1C9-FCFA5F691D0F}.Debug|Any CPU.ActiveCfg = Debug|Any CPU
		{E25D3188-7EC6-465A-B1C9-FCFA5F691D0F}.Debug|Any CPU.Build.0 = Debug|Any CPU
		{E25D3188-7EC6-465A-B1C9-FCFA5F691D0F}.Release|Any CPU.ActiveCfg = Release|Any CPU
		{E25D3188-7EC6-465A-B1C9-FCFA5F691D0F}.Release|Any CPU.Build.0 = Release|Any CPU
	EndGlobalSection
	GlobalSection(SolutionProperties) = preSolution
		HideSolutionNode = FALSE
	EndGlobalSection
	GlobalSection(NestedProjects) = preSolution
		{61B88A75-FA68-4082-B20F-BD4B0C54F052} = {9701B113-9660-4643-AFA8-FE787902F3A2}
		{9F8A9BF8-C7FD-4D9E-9E84-AF3340194C81} = {831F89F2-0FD6-4DDE-9819-A99B2D207C6E}
		{CEAA0237-931B-4428-BDC9-1B6877E78168} = {0EFC1A99-8042-42D1-82D7-507318845212}
		{CD78445B-E20D-4D0A-ACA1-FEC9377202EB} = {831F89F2-0FD6-4DDE-9819-A99B2D207C6E}
		{0D40665D-4802-4FE7-B4EF-92EC82DF894D} = {9701B113-9660-4643-AFA8-FE787902F3A2}
		{E25D3188-7EC6-465A-B1C9-FCFA5F691D0F} = {9701B113-9660-4643-AFA8-FE787902F3A2}
	EndGlobalSection
	GlobalSection(ExtensibilityGlobals) = postSolution
		SolutionGuid = {4AFD14DC-99D7-40B7-B63F-F48B97B1B86E}
	EndGlobalSection
EndGlobal
